lockfileVersion: '6.0'

dependencies:
  '@w5/clip_img2qdrant':
    specifier: link:../rust/clip_img2qdrant
    version: link:../rust/clip_img2qdrant
  '@w5/redistream':
    specifier: ^0.0.47
    version: 0.0.47

packages:

  /@msgpackr-extract/msgpackr-extract-darwin-arm64@3.0.2:
    resolution: {integrity: sha512-9bfjwDxIDWmmOKusUcqdS4Rw+SETlp9Dy39Xui9BEGEk19dDwH0jhipwFzEff/pFg95NKymc6TOTbRKcWeRqyQ==}
    cpu: [arm64]
    os: [darwin]
    requiresBuild: true
    dev: false
    optional: true

  /@msgpackr-extract/msgpackr-extract-darwin-x64@3.0.2:
    resolution: {integrity: sha512-lwriRAHm1Yg4iDf23Oxm9n/t5Zpw1lVnxYU3HnJPTi2lJRkKTrps1KVgvL6m7WvmhYVt/FIsssWay+k45QHeuw==}
    cpu: [x64]
    os: [darwin]
    requiresBuild: true
    dev: false
    optional: true

  /@msgpackr-extract/msgpackr-extract-linux-arm64@3.0.2:
    resolution: {integrity: sha512-FU20Bo66/f7He9Fp9sP2zaJ1Q8L9uLPZQDub/WlUip78JlPeMbVL8546HbZfcW9LNciEXc8d+tThSJjSC+tmsg==}
    cpu: [arm64]
    os: [linux]
    requiresBuild: true
    dev: false
    optional: true

  /@msgpackr-extract/msgpackr-extract-linux-arm@3.0.2:
    resolution: {integrity: sha512-MOI9Dlfrpi2Cuc7i5dXdxPbFIgbDBGgKR5F2yWEa6FVEtSWncfVNKW5AKjImAQ6CZlBK9tympdsZJ2xThBiWWA==}
    cpu: [arm]
    os: [linux]
    requiresBuild: true
    dev: false
    optional: true

  /@msgpackr-extract/msgpackr-extract-linux-x64@3.0.2:
    resolution: {integrity: sha512-gsWNDCklNy7Ajk0vBBf9jEx04RUxuDQfBse918Ww+Qb9HCPoGzS+XJTLe96iN3BVK7grnLiYghP/M4L8VsaHeA==}
    cpu: [x64]
    os: [linux]
    requiresBuild: true
    dev: false
    optional: true

  /@msgpackr-extract/msgpackr-extract-win32-x64@3.0.2:
    resolution: {integrity: sha512-O+6Gs8UeDbyFpbSh2CPEz/UOrrdWPTBYNblZK5CxxLisYt4kGX3Sc+czffFonyjiGSq3jWLwJS/CCJc7tBr4sQ==}
    cpu: [x64]
    os: [win32]
    requiresBuild: true
    dev: false
    optional: true

  /@w5/dot@0.0.2:
    resolution: {integrity: sha512-F6Ihmj2XeJ7pvYDGlWj5lK+BTbqB8HXlLz7IkF/EAUe5vtQmD9HGCGy7MP8FFwER7h8aXilpd0kN9/2zGlh0JQ==}
    dev: false

  /@w5/onexit@0.0.8:
    resolution: {integrity: sha512-zlWFrcSjqqmUGw+R3xhtrDAZH3s3IxSt+p3OOcQWM1AQySCvVeI8yKjUy7OYBdfQPvZneZbSn42lYJTQMQjl9w==}
    dev: false

  /@w5/pg@0.0.40:
    resolution: {integrity: sha512-+0c+rrZkZJK6dxZOdFaufVwlszcOeBHrN7f32wCMgU4E7JuyHyTvnfqC07IPmtHz7l5OF7wa1xy4TunXXMfl2Q==}
    dependencies:
      '@w5/onexit': 0.0.8
      '@w5/write': 0.0.1
      postgres: 3.3.5
    dev: false

  /@w5/pool@0.0.1:
    resolution: {integrity: sha512-MIKgocZeh02gSVaI8EJNNX0jucwRhFODwNJNVfL8hDowdBN+vISsWzMFqkfYTHX4w7aFKGKbQSl5lxeAIuBGcQ==}
    dev: false

  /@w5/redis_lua@0.0.10:
    resolution: {integrity: sha512-k4i5A16/VdlFY+DXP6mmmMSHzVARTS+hFJLlA2mFxiPiOcunHkvYJN1zqTDGSwfPhjCP7389g1AZ1TExF0thrA==}
    dependencies:
      '@w5/dot': 0.0.2
      '@w5/u8': 0.0.1
      '@w5/utf8': 0.0.3
    dev: false

  /@w5/redistream@0.0.47:
    resolution: {integrity: sha512-8LtJauhtrsANjrVfJwBQY0IB5GfjzkKA7b3uzS0xxjgsIqP/+DBn257TCfnptPjJ5GZj6pDRuVwrmfrQxqfsPg==}
    dependencies:
      '@w5/pg': 0.0.40
      '@w5/pool': 0.0.1
      '@w5/redis_lua': 0.0.10
      msgpackr: 1.9.5
    dev: false

  /@w5/u8@0.0.1:
    resolution: {integrity: sha512-1IJecPZlVeTYViGTZF+ZAd+v3S6MGB9LGGC0GHH96tdp36s5EkpZi3d02VzUt7l3okCFyH93QM5U9+GI5ToQhA==}
    dev: false

  /@w5/utf8@0.0.3:
    resolution: {integrity: sha512-FYkLRJ++nxAVLAzsD953X/Yc7ln7QQeUD2UsbbmtEUDYQYK2kvA7vqqKgwjuMQFUqwJdYdcHx7qtP7IgMUdHsw==}
    dev: false

  /@w5/write@0.0.1:
    resolution: {integrity: sha512-VyQXX2C3yRqfS7D5B+yCcsR1tvzZ1DzPLi5kugBOe/EeL+LOD3ftFamfik7wQr2TG7XQ7VF0snUpqVLaytwfOA==}
    dev: false

  /msgpackr-extract@3.0.2:
    resolution: {integrity: sha512-SdzXp4kD/Qf8agZ9+iTu6eql0m3kWm1A2y1hkpTeVNENutaB0BwHlSvAIaMxwntmRUAUjon2V4L8Z/njd0Ct8A==}
    hasBin: true
    requiresBuild: true
    dependencies:
      node-gyp-build-optional-packages: 5.0.7
    optionalDependencies:
      '@msgpackr-extract/msgpackr-extract-darwin-arm64': 3.0.2
      '@msgpackr-extract/msgpackr-extract-darwin-x64': 3.0.2
      '@msgpackr-extract/msgpackr-extract-linux-arm': 3.0.2
      '@msgpackr-extract/msgpackr-extract-linux-arm64': 3.0.2
      '@msgpackr-extract/msgpackr-extract-linux-x64': 3.0.2
      '@msgpackr-extract/msgpackr-extract-win32-x64': 3.0.2
    dev: false
    optional: true

  /msgpackr@1.9.5:
    resolution: {integrity: sha512-/IJ3cFSN6Ci3eG2wLhbFEL6GT63yEaoN/R5My2QkV6zro+OJaVRLPlwvxY7EtHYSmDlQpk8stvOQTL2qJFkDRg==}
    optionalDependencies:
      msgpackr-extract: 3.0.2
    dev: false

  /node-gyp-build-optional-packages@5.0.7:
    resolution: {integrity: sha512-YlCCc6Wffkx0kHkmam79GKvDQ6x+QZkMjFGrIMxgFNILFvGSbCp2fCBC55pGTT9gVaz8Na5CLmxt/urtzRv36w==}
    hasBin: true
    dev: false
    optional: true

  /postgres@3.3.5:
    resolution: {integrity: sha512-+JD93VELV9gHkqpV5gdL5/70HdGtEw4/XE1S4BC8f1mcPmdib3K5XsKVbnR1XcAyC41zOnifJ+9YRKxdIsXiUw==}
    dev: false
